{
  "nodes": {
    "agenix": {
      "inputs": {
        "darwin": "darwin",
        "home-manager": "home-manager",
        "nixpkgs": [
          "nixpkgs"
        ],
        "systems": "systems"
      },
      "locked": {
        "lastModified": 1716561646,
        "narHash": "sha256-UIGtLO89RxKt7RF2iEgPikSdU53r6v/6WYB0RW3k89I=",
        "owner": "ryantm",
        "repo": "agenix",
        "rev": "c2fc0762bbe8feb06a2e59a364fa81b3a57671c9",
        "type": "github"
      },
      "original": {
        "owner": "ryantm",
        "repo": "agenix",
        "type": "github"
      }
    },
    "cachix": {
      "inputs": {
        "devenv": "devenv_2",
        "flake-compat": [
          "devenv",
          "flake-compat"
        ],
        "nixpkgs": [
          "devenv",
          "nixpkgs"
        ],
        "pre-commit-hooks": [
          "devenv",
          "pre-commit-hooks"
        ]
      },
      "locked": {
        "lastModified": 1712055811,
        "narHash": "sha256-7FcfMm5A/f02yyzuavJe06zLa9hcMHsagE28ADcmQvk=",
        "owner": "cachix",
        "repo": "cachix",
        "rev": "02e38da89851ec7fec3356a5c04bc8349cae0e30",
        "type": "github"
      },
      "original": {
        "owner": "cachix",
        "repo": "cachix",
        "type": "github"
      }
    },
    "catppuccin-fish": {
      "flake": false,
      "locked": {
        "lastModified": 1715687686,
        "narHash": "sha256-shQxlyoauXJACoZWtRUbRMxmm10R8vOigXwjxBhG8ng=",
        "owner": "catppuccin",
        "repo": "fish",
        "rev": "a3b9eb5eaf2171ba1359fe98f20d226c016568cf",
        "type": "github"
      },
      "original": {
        "owner": "catppuccin",
        "repo": "fish",
        "type": "github"
      }
    },
    "copilot-el": {
      "flake": false,
      "locked": {
        "lastModified": 1714572852,
        "narHash": "sha256-Knp36PtgA73gtYO+W1clQfr570bKCxTFsGW3/iH86A0=",
        "owner": "zerolfx",
        "repo": "copilot.el",
        "rev": "733bff26450255e092c10873580e9abfed8a81b8",
        "type": "github"
      },
      "original": {
        "owner": "zerolfx",
        "repo": "copilot.el",
        "type": "github"
      }
    },
    "darwin": {
      "inputs": {
        "nixpkgs": [
          "agenix",
          "nixpkgs"
        ]
      },
      "locked": {
        "lastModified": 1700795494,
        "narHash": "sha256-gzGLZSiOhf155FW7262kdHo2YDeugp3VuIFb4/GGng0=",
        "owner": "lnl7",
        "repo": "nix-darwin",
        "rev": "4b9b83d5a92e8c1fbfd8eb27eda375908c11ec4d",
        "type": "github"
      },
      "original": {
        "owner": "lnl7",
        "ref": "master",
        "repo": "nix-darwin",
        "type": "github"
      }
    },
    "darwin_2": {
      "inputs": {
        "nixpkgs": [
          "nixpkgs"
        ]
      },
      "locked": {
        "lastModified": 1716993688,
        "narHash": "sha256-vo5k2wQekfeoq/2aleQkBN41dQiQHNTniZeVONWiWLs=",
        "owner": "lnl7",
        "repo": "nix-darwin",
        "rev": "c0d5b8c54d6828516c97f6be9f2d00c63a363df4",
        "type": "github"
      },
      "original": {
        "owner": "lnl7",
        "repo": "nix-darwin",
        "type": "github"
      }
    },
    "devenv": {
      "inputs": {
        "cachix": "cachix",
        "flake-compat": "flake-compat_2",
        "nix": "nix_2",
        "nixpkgs": [
          "nixpkgs"
        ],
        "pre-commit-hooks": "pre-commit-hooks"
      },
      "locked": {
        "lastModified": 1717917954,
        "narHash": "sha256-2p4dWAywA85r/4zDBQt8dLUErIVSitdDMEow5xxpU0g=",
        "owner": "cachix",
        "repo": "devenv",
        "rev": "8dab95bb60b6ece337450d80cc67515429652876",
        "type": "github"
      },
      "original": {
        "owner": "cachix",
        "repo": "devenv",
        "type": "github"
      }
    },
    "devenv_2": {
      "inputs": {
        "flake-compat": [
          "devenv",
          "cachix",
          "flake-compat"
        ],
        "nix": "nix",
        "nixpkgs": "nixpkgs",
        "poetry2nix": "poetry2nix",
        "pre-commit-hooks": [
          "devenv",
          "cachix",
          "pre-commit-hooks"
        ]
      },
      "locked": {
        "lastModified": 1708704632,
        "narHash": "sha256-w+dOIW60FKMaHI1q5714CSibk99JfYxm0CzTinYWr+Q=",
        "owner": "cachix",
        "repo": "devenv",
        "rev": "2ee4450b0f4b95a1b90f2eb5ffea98b90e48c196",
        "type": "github"
      },
      "original": {
        "owner": "cachix",
        "ref": "python-rewrite",
        "repo": "devenv",
        "type": "github"
      }
    },
    "dg-cli-repo": {
      "flake": false,
      "locked": {
        "lastModified": 1717763917,
        "narHash": "sha256-AiDXXHmo/OMPDwDgx5a1do3vWRCy98igWBkOHLIvDZc=",
        "ref": "refs/heads/main",
        "rev": "5936bdb36fc1dca71bc290be9edaad85d3c87620",
        "revCount": 300,
        "type": "git",
        "url": "ssh://git@ssh.dev.azure.com/v3/DigitecGalaxus/devinite/Dg.Cli"
      },
      "original": {
        "type": "git",
        "url": "ssh://git@ssh.dev.azure.com/v3/DigitecGalaxus/devinite/Dg.Cli"
      }
    },
    "dg-container-development-repo": {
      "flake": false,
      "locked": {
        "lastModified": 1713885830,
        "narHash": "sha256-WayeZCBrYlLR3nJ1mrPc/J3gf+SLUGAmYGXIzIMT+Ko=",
        "ref": "refs/heads/master",
        "rev": "9205144b196c5b328671d5e18aeebea6eae7e454",
        "revCount": 69,
        "type": "git",
        "url": "ssh://git@ssh.dev.azure.com/v3/DigitecGalaxus/devinite/Dg.ContainerDevelopment"
      },
      "original": {
        "type": "git",
        "url": "ssh://git@ssh.dev.azure.com/v3/DigitecGalaxus/devinite/Dg.ContainerDevelopment"
      }
    },
    "dg-graphql-gateway-repo": {
      "flake": false,
      "locked": {
        "lastModified": 1717670541,
        "narHash": "sha256-/wLBxcBwhtFAF55a45ZeaNZVxJJBXvtGGQdLI70vE+U=",
        "ref": "refs/heads/master",
        "rev": "98eba0fa374fee6428e7c219c09e2d1d70fcf1ca",
        "revCount": 135,
        "type": "git",
        "url": "ssh://git@ssh.dev.azure.com/v3/DigitecGalaxus/devinite/Dg.GraphQLGateway"
      },
      "original": {
        "type": "git",
        "url": "ssh://git@ssh.dev.azure.com/v3/DigitecGalaxus/devinite/Dg.GraphQLGateway"
      }
    },
    "dg-nix": {
      "inputs": {
        "dg-cli-repo": "dg-cli-repo",
        "dg-container-development-repo": "dg-container-development-repo",
        "dg-graphql-gateway-repo": "dg-graphql-gateway-repo",
        "flake-parts": "flake-parts",
        "nixpkgs": [
          "nixpkgs"
        ],
        "poetry2nix": "poetry2nix_2"
      },
      "locked": {
        "lastModified": 1717964189,
        "narHash": "sha256-83f1mT9St63zMdHm8FQzg19dBVbzxz1EAYacpfz8044=",
        "ref": "refs/heads/master",
        "rev": "168e723ae02683bd34f2a9455e12c934f7210782",
        "revCount": 34,
        "type": "git",
        "url": "ssh://git@ssh.dev.azure.com/v3/DigitecGalaxus/Playground/Dg.Nix"
      },
      "original": {
        "type": "git",
        "url": "ssh://git@ssh.dev.azure.com/v3/DigitecGalaxus/Playground/Dg.Nix"
      }
    },
    "doom-one": {
      "flake": false,
      "locked": {
        "lastModified": 1709833111,
        "narHash": "sha256-wm95c8Mo1TXl39xr+4gTQzBvk8oXT2RTjon5IIpAKEc=",
        "owner": "NTBBloodbath",
        "repo": "doom-one.nvim",
        "rev": "76595eec15896a5da7f4e39ceeded6ffb0f4dc38",
        "type": "github"
      },
      "original": {
        "owner": "NTBBloodbath",
        "repo": "doom-one.nvim",
        "type": "github"
      }
    },
    "emacs-overlay": {
      "inputs": {
        "flake-utils": "flake-utils_4",
        "nixpkgs": [
          "nixpkgs"
        ],
        "nixpkgs-stable": "nixpkgs-stable_2"
      },
      "locked": {
        "lastModified": 1717923950,
        "narHash": "sha256-k7WYdsUm4oeFlAC2JLKXDIxp1pS7/mrUyN7ztEF5DGM=",
        "owner": "nix-community",
        "repo": "emacs-overlay",
        "rev": "a5143ff8b6be9201f6b7aabe209a4c2a4a832ae3",
        "type": "github"
      },
      "original": {
        "owner": "nix-community",
        "repo": "emacs-overlay",
        "type": "github"
      }
    },
    "epkgs-overlay": {
      "inputs": {
        "copilot-el": "copilot-el",
        "flake-compat": "flake-compat_3",
        "flake-utils": "flake-utils_5",
        "jsonrpc-el": "jsonrpc-el",
        "nixpkgs": "nixpkgs_2"
      },
      "locked": {
        "lastModified": 1715332001,
        "narHash": "sha256-8otFxbhaSrOZSRQQ7y8RzVKbtphxA2b+K5AMsvj1NYc=",
        "owner": "thomaslaich",
        "repo": "epkgs-overlay",
        "rev": "08faf026acd60482926a76ffd0e89300cb437559",
        "type": "github"
      },
      "original": {
        "owner": "thomaslaich",
        "repo": "epkgs-overlay",
        "type": "github"
      }
    },
    "flake-compat": {
      "flake": false,
      "locked": {
        "lastModified": 1673956053,
        "narHash": "sha256-4gtG9iQuiKITOjNQQeQIpoIB6b16fm+504Ch3sNKLd8=",
        "owner": "edolstra",
        "repo": "flake-compat",
        "rev": "35bb57c0c8d8b62bbfd284272c928ceb64ddbde9",
        "type": "github"
      },
      "original": {
        "owner": "edolstra",
        "repo": "flake-compat",
        "type": "github"
      }
    },
    "flake-compat_2": {
      "flake": false,
      "locked": {
        "lastModified": 1696426674,
        "narHash": "sha256-kvjfFW7WAETZlt09AgDn1MrtKzP7t90Vf7vypd3OL1U=",
        "owner": "edolstra",
        "repo": "flake-compat",
        "rev": "0f9255e01c2351cc7d116c072cb317785dd33b33",
        "type": "github"
      },
      "original": {
        "owner": "edolstra",
        "repo": "flake-compat",
        "type": "github"
      }
    },
    "flake-compat_3": {
      "flake": false,
      "locked": {
        "lastModified": 1696426674,
        "narHash": "sha256-kvjfFW7WAETZlt09AgDn1MrtKzP7t90Vf7vypd3OL1U=",
        "owner": "edolstra",
        "repo": "flake-compat",
        "rev": "0f9255e01c2351cc7d116c072cb317785dd33b33",
        "type": "github"
      },
      "original": {
        "owner": "edolstra",
        "repo": "flake-compat",
        "type": "github"
      }
    },
    "flake-compat_4": {
      "flake": false,
      "locked": {
        "lastModified": 1641205782,
        "narHash": "sha256-4jY7RCWUoZ9cKD8co0/4tFARpWB+57+r1bLLvXNJliY=",
        "owner": "edolstra",
        "repo": "flake-compat",
        "rev": "b7547d3eed6f32d06102ead8991ec52ab0a4f1a7",
        "type": "github"
      },
      "original": {
        "owner": "edolstra",
        "repo": "flake-compat",
        "type": "github"
      }
    },
    "flake-compat_5": {
      "flake": false,
      "locked": {
        "lastModified": 1641205782,
        "narHash": "sha256-4jY7RCWUoZ9cKD8co0/4tFARpWB+57+r1bLLvXNJliY=",
        "owner": "edolstra",
        "repo": "flake-compat",
        "rev": "b7547d3eed6f32d06102ead8991ec52ab0a4f1a7",
        "type": "github"
      },
      "original": {
        "owner": "edolstra",
        "repo": "flake-compat",
        "type": "github"
      }
    },
    "flake-compat_6": {
      "flake": false,
      "locked": {
        "lastModified": 1696426674,
        "narHash": "sha256-kvjfFW7WAETZlt09AgDn1MrtKzP7t90Vf7vypd3OL1U=",
        "owner": "edolstra",
        "repo": "flake-compat",
        "rev": "0f9255e01c2351cc7d116c072cb317785dd33b33",
        "type": "github"
      },
      "original": {
        "owner": "edolstra",
        "repo": "flake-compat",
        "type": "github"
      }
    },
    "flake-compat_7": {
      "flake": false,
      "locked": {
        "lastModified": 1696426674,
        "narHash": "sha256-kvjfFW7WAETZlt09AgDn1MrtKzP7t90Vf7vypd3OL1U=",
        "owner": "edolstra",
        "repo": "flake-compat",
        "rev": "0f9255e01c2351cc7d116c072cb317785dd33b33",
        "type": "github"
      },
      "original": {
        "owner": "edolstra",
        "repo": "flake-compat",
        "type": "github"
      }
    },
    "flake-parts": {
      "inputs": {
        "nixpkgs-lib": "nixpkgs-lib"
      },
      "locked": {
        "lastModified": 1717285511,
        "narHash": "sha256-iKzJcpdXih14qYVcZ9QC9XuZYnPc6T8YImb6dX166kw=",
        "owner": "hercules-ci",
        "repo": "flake-parts",
        "rev": "2a55567fcf15b1b1c7ed712a2c6fadaec7412ea8",
        "type": "github"
      },
      "original": {
        "owner": "hercules-ci",
        "repo": "flake-parts",
        "type": "github"
      }
    },
    "flake-utils": {
      "inputs": {
        "systems": "systems_2"
      },
      "locked": {
        "lastModified": 1689068808,
        "narHash": "sha256-6ixXo3wt24N/melDWjq70UuHQLxGV8jZvooRanIHXw0=",
        "owner": "numtide",
        "repo": "flake-utils",
        "rev": "919d646de7be200f3bf08cb76ae1f09402b6f9b4",
        "type": "github"
      },
      "original": {
        "owner": "numtide",
        "repo": "flake-utils",
        "type": "github"
      }
    },
    "flake-utils_10": {
      "inputs": {
        "systems": "systems_10"
      },
      "locked": {
        "lastModified": 1710146030,
        "narHash": "sha256-SZ5L6eA7HJ/nmkzGG7/ISclqe6oZdOZTNoesiInkXPQ=",
        "owner": "numtide",
        "repo": "flake-utils",
        "rev": "b1d9ab70662946ef0850d488da1c9019f3a9752a",
        "type": "github"
      },
      "original": {
        "owner": "numtide",
        "repo": "flake-utils",
        "type": "github"
      }
    },
    "flake-utils_11": {
      "inputs": {
        "systems": "systems_11"
      },
      "locked": {
        "lastModified": 1710146030,
        "narHash": "sha256-SZ5L6eA7HJ/nmkzGG7/ISclqe6oZdOZTNoesiInkXPQ=",
        "owner": "numtide",
        "repo": "flake-utils",
        "rev": "b1d9ab70662946ef0850d488da1c9019f3a9752a",
        "type": "github"
      },
      "original": {
        "owner": "numtide",
        "repo": "flake-utils",
        "type": "github"
      }
    },
    "flake-utils_2": {
      "inputs": {
        "systems": "systems_3"
      },
      "locked": {
        "lastModified": 1710146030,
        "narHash": "sha256-SZ5L6eA7HJ/nmkzGG7/ISclqe6oZdOZTNoesiInkXPQ=",
        "owner": "numtide",
        "repo": "flake-utils",
        "rev": "b1d9ab70662946ef0850d488da1c9019f3a9752a",
        "type": "github"
      },
      "original": {
        "owner": "numtide",
        "repo": "flake-utils",
        "type": "github"
      }
    },
    "flake-utils_3": {
      "inputs": {
        "systems": "systems_4"
      },
      "locked": {
        "lastModified": 1710146030,
        "narHash": "sha256-SZ5L6eA7HJ/nmkzGG7/ISclqe6oZdOZTNoesiInkXPQ=",
        "owner": "numtide",
        "repo": "flake-utils",
        "rev": "b1d9ab70662946ef0850d488da1c9019f3a9752a",
        "type": "github"
      },
      "original": {
        "owner": "numtide",
        "repo": "flake-utils",
        "type": "github"
      }
    },
    "flake-utils_4": {
      "inputs": {
        "systems": "systems_6"
      },
      "locked": {
        "lastModified": 1710146030,
        "narHash": "sha256-SZ5L6eA7HJ/nmkzGG7/ISclqe6oZdOZTNoesiInkXPQ=",
        "owner": "numtide",
        "repo": "flake-utils",
        "rev": "b1d9ab70662946ef0850d488da1c9019f3a9752a",
        "type": "github"
      },
      "original": {
        "owner": "numtide",
        "repo": "flake-utils",
        "type": "github"
      }
    },
    "flake-utils_5": {
      "inputs": {
        "systems": "systems_7"
      },
      "locked": {
        "lastModified": 1710146030,
        "narHash": "sha256-SZ5L6eA7HJ/nmkzGG7/ISclqe6oZdOZTNoesiInkXPQ=",
        "owner": "numtide",
        "repo": "flake-utils",
        "rev": "b1d9ab70662946ef0850d488da1c9019f3a9752a",
        "type": "github"
      },
      "original": {
        "owner": "numtide",
        "repo": "flake-utils",
        "type": "github"
      }
    },
    "flake-utils_6": {
      "inputs": {
        "systems": "systems_8"
      },
      "locked": {
        "lastModified": 1710146030,
        "narHash": "sha256-SZ5L6eA7HJ/nmkzGG7/ISclqe6oZdOZTNoesiInkXPQ=",
        "owner": "numtide",
        "repo": "flake-utils",
        "rev": "b1d9ab70662946ef0850d488da1c9019f3a9752a",
        "type": "github"
      },
      "original": {
        "owner": "numtide",
        "repo": "flake-utils",
        "type": "github"
      }
    },
    "flake-utils_7": {
      "inputs": {
        "systems": "systems_9"
      },
      "locked": {
        "lastModified": 1710146030,
        "narHash": "sha256-SZ5L6eA7HJ/nmkzGG7/ISclqe6oZdOZTNoesiInkXPQ=",
        "owner": "numtide",
        "repo": "flake-utils",
        "rev": "b1d9ab70662946ef0850d488da1c9019f3a9752a",
        "type": "github"
      },
      "original": {
        "owner": "numtide",
        "repo": "flake-utils",
        "type": "github"
      }
    },
    "flake-utils_8": {
      "locked": {
        "lastModified": 1644229661,
        "narHash": "sha256-1YdnJAsNy69bpcjuoKdOYQX0YxZBiCYZo4Twxerqv7k=",
        "owner": "numtide",
        "repo": "flake-utils",
        "rev": "3cecb5b042f7f209c56ffd8371b2711a290ec797",
        "type": "github"
      },
      "original": {
        "owner": "numtide",
        "repo": "flake-utils",
        "type": "github"
      }
    },
    "flake-utils_9": {
      "locked": {
        "lastModified": 1644229661,
        "narHash": "sha256-1YdnJAsNy69bpcjuoKdOYQX0YxZBiCYZo4Twxerqv7k=",
        "owner": "numtide",
        "repo": "flake-utils",
        "rev": "3cecb5b042f7f209c56ffd8371b2711a290ec797",
        "type": "github"
      },
      "original": {
        "owner": "numtide",
        "repo": "flake-utils",
        "type": "github"
      }
    },
    "gitignore": {
      "inputs": {
        "nixpkgs": [
          "devenv",
          "pre-commit-hooks",
          "nixpkgs"
        ]
      },
      "locked": {
        "lastModified": 1709087332,
        "narHash": "sha256-HG2cCnktfHsKV0s4XW83gU3F57gaTljL9KNSuG6bnQs=",
        "owner": "hercules-ci",
        "repo": "gitignore.nix",
        "rev": "637db329424fd7e46cf4185293b9cc8c88c95394",
        "type": "github"
      },
      "original": {
        "owner": "hercules-ci",
        "repo": "gitignore.nix",
        "type": "github"
      }
    },
    "home-manager": {
      "inputs": {
        "nixpkgs": [
          "agenix",
          "nixpkgs"
        ]
      },
      "locked": {
        "lastModified": 1703113217,
        "narHash": "sha256-7ulcXOk63TIT2lVDSExj7XzFx09LpdSAPtvgtM7yQPE=",
        "owner": "nix-community",
        "repo": "home-manager",
        "rev": "3bfaacf46133c037bb356193bd2f1765d9dc82c1",
        "type": "github"
      },
      "original": {
        "owner": "nix-community",
        "repo": "home-manager",
        "type": "github"
      }
    },
    "home-manager_2": {
      "inputs": {
        "nixpkgs": [
          "nixpkgs"
        ]
      },
      "locked": {
        "lastModified": 1717931644,
        "narHash": "sha256-Sz8Wh9cAiD5FhL8UWvZxBfnvxETSCVZlqWSYWaCPyu0=",
        "owner": "nix-community",
        "repo": "home-manager",
        "rev": "3d65009effd77cb0d6e7520b68b039836a7606cf",
        "type": "github"
      },
      "original": {
        "owner": "nix-community",
        "repo": "home-manager",
        "type": "github"
      }
    },
    "jsonrpc-el": {
      "flake": false,
      "locked": {
        "lastModified": 1711877505,
        "narHash": "sha256-+M2gbQ67gXlGJAZ/467ScQWocTlvng7ExMr/Q18NCoA=",
        "type": "tarball",
        "url": "https://elpa.gnu.org/packages/jsonrpc-1.0.25.tar"
      },
      "original": {
        "type": "tarball",
        "url": "https://elpa.gnu.org/packages/jsonrpc-1.0.25.tar"
      }
    },
    "kanagawa": {
      "flake": false,
      "locked": {
        "lastModified": 1716719447,
        "narHash": "sha256-NvvedijxYhXyI3se9LXb0GQDGcLBrwpF0hoDqqvSDfI=",
        "owner": "rebelot",
        "repo": "kanagawa.nvim",
        "rev": "08ed29989834f5f2606cb1ef9d5b24c5ea7b8fa5",
        "type": "github"
      },
      "original": {
        "owner": "rebelot",
        "repo": "kanagawa.nvim",
        "type": "github"
      }
    },
    "kauz": {
      "inputs": {
        "nixpkgs": "nixpkgs_6"
      },
      "locked": {
        "lastModified": 1704475005,
        "narHash": "sha256-TcMv7e+6dm3soVXFaOyS097n4LA8vJ1jQJOWkpGWK14=",
        "owner": "buntec",
        "repo": "kauz",
        "rev": "0787e60bfc26996b3c943f3ac631b35336ed43e1",
        "type": "github"
      },
      "original": {
        "owner": "buntec",
        "repo": "kauz",
        "type": "github"
      }
    },
    "lsp-progress": {
      "flake": false,
      "locked": {
        "lastModified": 1716181859,
        "narHash": "sha256-lemswtWOf6O96YkUnIFZIsuZPO4oUTNpZRItsl/GSnU=",
        "owner": "linrongbin16",
        "repo": "lsp-progress.nvim",
        "rev": "55a04895ea20c365b670051a3128265d43bdfa3d",
        "type": "github"
      },
      "original": {
        "owner": "linrongbin16",
        "repo": "lsp-progress.nvim",
        "type": "github"
      }
    },
    "neorg": {
      "flake": false,
      "locked": {
        "lastModified": 1717870677,
        "narHash": "sha256-zCj877uVaQersoq3vVT3xV4j54JqkkQ7Zqf8h21GWU4=",
        "owner": "nvim-neorg",
        "repo": "neorg",
        "rev": "51be06957fc6cc7140b310abd30be6682041962a",
        "type": "github"
      },
      "original": {
        "owner": "nvim-neorg",
        "repo": "neorg",
        "type": "github"
      }
    },
    "neorg-overlay": {
      "inputs": {
        "flake-utils": "flake-utils_7",
        "neorg": "neorg",
        "neorg-telescope": "neorg-telescope",
        "nixpkgs": "nixpkgs_3",
        "norg": "norg",
        "norg-meta": "norg-meta"
      },
      "locked": {
        "lastModified": 1717877585,
        "narHash": "sha256-CUaTlQhsPCW9t89Qx8IpyBQyWgP86endEywLUhe6B2U=",
        "owner": "nvim-neorg",
        "repo": "nixpkgs-neorg-overlay",
        "rev": "5c2097ab0b95bf31834bc49159192bcb25f803f1",
        "type": "github"
      },
      "original": {
        "owner": "nvim-neorg",
        "repo": "nixpkgs-neorg-overlay",
        "type": "github"
      }
    },
    "neorg-telescope": {
      "flake": false,
      "locked": {
        "lastModified": 1717607750,
        "narHash": "sha256-GjbGyWB7xbeK8C8XiB9rzOWPZK8Re79WrZSWjMFS2RY=",
        "owner": "nvim-neorg",
        "repo": "neorg-telescope",
        "rev": "329ee31b8d92f252d880d8f607089eb89a1640b8",
        "type": "github"
      },
      "original": {
        "owner": "nvim-neorg",
        "repo": "neorg-telescope",
        "type": "github"
      }
    },
    "nightfox": {
      "flake": false,
      "locked": {
        "lastModified": 1714329621,
        "narHash": "sha256-ly9yavagB6A8t2plHZyNJt5tqCBq+ExEtYGKR4+9qHQ=",
        "owner": "EdenEast",
        "repo": "nightfox.nvim",
        "rev": "df75a6a94910ae47854341d6b5a6fd483192c0eb",
        "type": "github"
      },
      "original": {
        "owner": "EdenEast",
        "repo": "nightfox.nvim",
        "type": "github"
      }
    },
    "nix": {
      "inputs": {
        "flake-compat": "flake-compat",
        "nixpkgs": [
          "devenv",
          "cachix",
          "devenv",
          "nixpkgs"
        ],
        "nixpkgs-regression": "nixpkgs-regression"
      },
      "locked": {
        "lastModified": 1712911606,
        "narHash": "sha256-BGvBhepCufsjcUkXnEEXhEVjwdJAwPglCC2+bInc794=",
        "owner": "domenkozar",
        "repo": "nix",
        "rev": "b24a9318ea3f3600c1e24b4a00691ee912d4de12",
        "type": "github"
      },
      "original": {
        "owner": "domenkozar",
        "ref": "devenv-2.21",
        "repo": "nix",
        "type": "github"
      }
    },
    "nix-colorscheme": {
      "inputs": {
        "catppuccin-fish": "catppuccin-fish",
        "doom-one": "doom-one",
        "kanagawa": "kanagawa",
        "kauz": "kauz",
        "nightfox": "nightfox",
        "tokyonight": "tokyonight"
      },
      "locked": {
        "lastModified": 1717868713,
        "narHash": "sha256-Vue1Bfqq/QoGIDcVw9D7ltxSmXm3LSPJXsMd5tsU/U4=",
        "owner": "buntec",
        "repo": "nix-colorscheme",
        "rev": "61c4b1e0d4747f56cd03ded0b2afbb4d14518390",
        "type": "github"
      },
      "original": {
        "owner": "buntec",
        "repo": "nix-colorscheme",
        "type": "github"
      }
    },
    "nix-github-actions": {
      "inputs": {
        "nixpkgs": [
          "devenv",
          "cachix",
          "devenv",
          "poetry2nix",
          "nixpkgs"
        ]
      },
      "locked": {
        "lastModified": 1688870561,
        "narHash": "sha256-4UYkifnPEw1nAzqqPOTL2MvWtm3sNGw1UTYTalkTcGY=",
        "owner": "nix-community",
        "repo": "nix-github-actions",
        "rev": "165b1650b753316aa7f1787f3005a8d2da0f5301",
        "type": "github"
      },
      "original": {
        "owner": "nix-community",
        "repo": "nix-github-actions",
        "type": "github"
      }
    },
    "nix-github-actions_2": {
      "inputs": {
        "nixpkgs": [
          "dg-nix",
          "poetry2nix",
          "nixpkgs"
        ]
      },
      "locked": {
        "lastModified": 1703863825,
        "narHash": "sha256-rXwqjtwiGKJheXB43ybM8NwWB8rO2dSRrEqes0S7F5Y=",
        "owner": "nix-community",
        "repo": "nix-github-actions",
        "rev": "5163432afc817cf8bd1f031418d1869e4c9d5547",
        "type": "github"
      },
      "original": {
        "owner": "nix-community",
        "repo": "nix-github-actions",
        "type": "github"
      }
    },
    "nix-vscode-extensions": {
      "inputs": {
        "flake-compat": "flake-compat_6",
        "flake-utils": "flake-utils_10",
        "nixpkgs": "nixpkgs_7"
      },
      "locked": {
        "lastModified": 1717896676,
        "narHash": "sha256-BjDpmuKSeZZtURD5PNzE7TvBn5RnfW5hVbh8aMTVj6A=",
        "owner": "nix-community",
        "repo": "nix-vscode-extensions",
        "rev": "84ead15c9f5940dec36cb3e9cd523fcb5384f08b",
        "type": "github"
      },
      "original": {
        "owner": "nix-community",
        "repo": "nix-vscode-extensions",
        "type": "github"
      }
    },
    "nix_2": {
      "inputs": {
        "flake-compat": [
          "devenv",
          "flake-compat"
        ],
        "nixpkgs": [
          "devenv",
          "nixpkgs"
        ],
        "nixpkgs-regression": "nixpkgs-regression_2"
      },
      "locked": {
        "lastModified": 1712911606,
        "narHash": "sha256-BGvBhepCufsjcUkXnEEXhEVjwdJAwPglCC2+bInc794=",
        "owner": "domenkozar",
        "repo": "nix",
        "rev": "b24a9318ea3f3600c1e24b4a00691ee912d4de12",
        "type": "github"
      },
      "original": {
        "owner": "domenkozar",
        "ref": "devenv-2.21",
        "repo": "nix",
        "type": "github"
      }
    },
    "nixpkgs": {
      "locked": {
        "lastModified": 1692808169,
        "narHash": "sha256-x9Opq06rIiwdwGeK2Ykj69dNc2IvUH1fY55Wm7atwrE=",
        "owner": "NixOS",
        "repo": "nixpkgs",
        "rev": "9201b5ff357e781bf014d0330d18555695df7ba8",
        "type": "github"
      },
      "original": {
        "owner": "NixOS",
        "ref": "nixpkgs-unstable",
        "repo": "nixpkgs",
        "type": "github"
      }
    },
    "nixpkgs-darwin-stable": {
      "locked": {
        "lastModified": 1717748344,
        "narHash": "sha256-HTFLVJQK2nWYxbeR1tEgXhHYeQj19sPlyxC1Q1t7UEw=",
        "owner": "nixos",
        "repo": "nixpkgs",
        "rev": "0d2739fb1cc99ff7ec1afdf1c331dbc9552000a9",
        "type": "github"
      },
      "original": {
        "owner": "nixos",
        "ref": "nixpkgs-24.05-darwin",
        "repo": "nixpkgs",
        "type": "github"
      }
    },
    "nixpkgs-lib": {
      "locked": {
        "lastModified": 1717284937,
        "narHash": "sha256-lIbdfCsf8LMFloheeE6N31+BMIeixqyQWbSr2vk79EQ=",
        "type": "tarball",
        "url": "https://github.com/NixOS/nixpkgs/archive/eb9ceca17df2ea50a250b6b27f7bf6ab0186f198.tar.gz"
      },
      "original": {
        "type": "tarball",
        "url": "https://github.com/NixOS/nixpkgs/archive/eb9ceca17df2ea50a250b6b27f7bf6ab0186f198.tar.gz"
      }
    },
    "nixpkgs-nixos": {
      "locked": {
        "lastModified": 1717786204,
        "narHash": "sha256-4q0s6m0GUcN7q+Y2DqD27iLvbcd1G50T2lv08kKxkSI=",
        "owner": "nixos",
        "repo": "nixpkgs",
        "rev": "051f920625ab5aabe37c920346e3e69d7d34400e",
        "type": "github"
      },
      "original": {
        "owner": "nixos",
        "ref": "nixos-unstable",
        "repo": "nixpkgs",
        "type": "github"
      }
    },
    "nixpkgs-nixos-stable": {
      "locked": {
        "lastModified": 1717696253,
        "narHash": "sha256-1+ua0ggXlYYPLTmMl3YeYYsBXDSCqT+Gw3u6l4gvMhA=",
        "owner": "nixos",
        "repo": "nixpkgs",
        "rev": "9b5328b7f761a7bbdc0e332ac4cf076a3eedb89b",
        "type": "github"
      },
      "original": {
        "owner": "nixos",
        "ref": "nixos-24.05",
        "repo": "nixpkgs",
        "type": "github"
      }
    },
    "nixpkgs-regression": {
      "locked": {
        "lastModified": 1643052045,
        "narHash": "sha256-uGJ0VXIhWKGXxkeNnq4TvV3CIOkUJ3PAoLZ3HMzNVMw=",
        "owner": "NixOS",
        "repo": "nixpkgs",
        "rev": "215d4d0fd80ca5163643b03a33fde804a29cc1e2",
        "type": "github"
      },
      "original": {
        "owner": "NixOS",
        "repo": "nixpkgs",
        "rev": "215d4d0fd80ca5163643b03a33fde804a29cc1e2",
        "type": "github"
      }
    },
    "nixpkgs-regression_2": {
      "locked": {
        "lastModified": 1643052045,
        "narHash": "sha256-uGJ0VXIhWKGXxkeNnq4TvV3CIOkUJ3PAoLZ3HMzNVMw=",
        "owner": "NixOS",
        "repo": "nixpkgs",
        "rev": "215d4d0fd80ca5163643b03a33fde804a29cc1e2",
        "type": "github"
      },
      "original": {
        "owner": "NixOS",
        "repo": "nixpkgs",
        "rev": "215d4d0fd80ca5163643b03a33fde804a29cc1e2",
        "type": "github"
      }
    },
    "nixpkgs-stable": {
      "locked": {
        "lastModified": 1710695816,
        "narHash": "sha256-3Eh7fhEID17pv9ZxrPwCLfqXnYP006RKzSs0JptsN84=",
        "owner": "NixOS",
        "repo": "nixpkgs",
        "rev": "614b4613980a522ba49f0d194531beddbb7220d3",
        "type": "github"
      },
      "original": {
        "owner": "NixOS",
        "ref": "nixos-23.11",
        "repo": "nixpkgs",
        "type": "github"
      }
    },
    "nixpkgs-stable_2": {
      "locked": {
        "lastModified": 1717530100,
        "narHash": "sha256-b4Dn+PnrZoVZ/BoR9JN2fTxXxplJrAsdSUIePf4Cacs=",
        "owner": "NixOS",
        "repo": "nixpkgs",
        "rev": "a2e1d0414259a144ebdc048408a807e69e0565af",
        "type": "github"
      },
      "original": {
        "owner": "NixOS",
        "ref": "nixos-23.11",
        "repo": "nixpkgs",
        "type": "github"
      }
    },
    "nixpkgs_10": {
      "locked": {
        "lastModified": 1716137900,
        "narHash": "sha256-sowPU+tLQv8GlqtVtsXioTKeaQvlMz/pefcdwg8MvfM=",
        "owner": "NixOS",
        "repo": "nixpkgs",
        "rev": "6c0b7a92c30122196a761b440ac0d46d3d9954f1",
        "type": "github"
      },
      "original": {
        "owner": "NixOS",
        "ref": "nixos-unstable",
        "repo": "nixpkgs",
        "type": "github"
      }
    },
    "nixpkgs_2": {
      "locked": {
        "lastModified": 1715266358,
        "narHash": "sha256-doPgfj+7FFe9rfzWo1siAV2mVCasW+Bh8I1cToAXEE4=",
        "owner": "NixOS",
        "repo": "nixpkgs",
        "rev": "f1010e0469db743d14519a1efd37e23f8513d714",
        "type": "github"
      },
      "original": {
        "owner": "NixOS",
        "ref": "nixos-unstable",
        "repo": "nixpkgs",
        "type": "github"
      }
    },
    "nixpkgs_3": {
      "locked": {
        "lastModified": 1717774105,
        "narHash": "sha256-HV97wqUQv9wvptiHCb3Y0/YH0lJ60uZ8FYfEOIzYEqI=",
        "owner": "NixOS",
        "repo": "nixpkgs",
        "rev": "d226935fd75012939397c83f6c385e4d6d832288",
        "type": "github"
      },
      "original": {
        "owner": "NixOS",
        "ref": "nixpkgs-unstable",
        "repo": "nixpkgs",
        "type": "github"
      }
    },
    "nixpkgs_4": {
      "locked": {
        "lastModified": 1644486793,
        "narHash": "sha256-EeijR4guVHgVv+JpOX3cQO+1XdrkJfGmiJ9XVsVU530=",
        "owner": "NixOS",
        "repo": "nixpkgs",
        "rev": "1882c6b7368fd284ad01b0a5b5601ef136321292",
        "type": "github"
      },
      "original": {
        "owner": "NixOS",
        "ref": "nixpkgs-unstable",
        "repo": "nixpkgs",
        "type": "github"
      }
    },
    "nixpkgs_5": {
      "locked": {
        "lastModified": 1644486793,
        "narHash": "sha256-EeijR4guVHgVv+JpOX3cQO+1XdrkJfGmiJ9XVsVU530=",
        "owner": "NixOS",
        "repo": "nixpkgs",
        "rev": "1882c6b7368fd284ad01b0a5b5601ef136321292",
        "type": "github"
      },
      "original": {
        "owner": "NixOS",
        "ref": "nixpkgs-unstable",
        "repo": "nixpkgs",
        "type": "github"
      }
    },
    "nixpkgs_6": {
      "locked": {
        "lastModified": 1700108881,
        "narHash": "sha256-+Lqybl8kj0+nD/IlAWPPG/RDTa47gff9nbei0u7BntE=",
        "owner": "NixOS",
        "repo": "nixpkgs",
        "rev": "7414e9ee0b3e9903c24d3379f577a417f0aae5f1",
        "type": "github"
      },
      "original": {
        "id": "nixpkgs",
        "type": "indirect"
      }
    },
    "nixpkgs_7": {
      "locked": {
        "lastModified": 1713805509,
        "narHash": "sha256-YgSEan4CcrjivCNO5ZNzhg7/8ViLkZ4CB/GrGBVSudo=",
        "owner": "NixOS",
        "repo": "nixpkgs",
        "rev": "1e1dc66fe68972a76679644a5577828b6a7e8be4",
        "type": "github"
      },
      "original": {
        "owner": "NixOS",
        "ref": "nixpkgs-unstable",
        "repo": "nixpkgs",
        "type": "github"
      }
    },
    "nixpkgs_8": {
      "locked": {
        "lastModified": 1717774105,
        "narHash": "sha256-HV97wqUQv9wvptiHCb3Y0/YH0lJ60uZ8FYfEOIzYEqI=",
        "owner": "nixos",
        "repo": "nixpkgs",
        "rev": "d226935fd75012939397c83f6c385e4d6d832288",
        "type": "github"
      },
      "original": {
        "owner": "nixos",
        "ref": "nixpkgs-unstable",
        "repo": "nixpkgs",
        "type": "github"
      }
    },
    "nixpkgs_9": {
      "locked": {
        "lastModified": 1708475490,
        "narHash": "sha256-g1v0TsWBQPX97ziznfJdWhgMyMGtoBFs102xSYO4syU=",
        "owner": "nixos",
        "repo": "nixpkgs",
        "rev": "0e74ca98a74bc7270d28838369593635a5db3260",
        "type": "github"
      },
      "original": {
        "owner": "nixos",
        "ref": "nixos-unstable",
        "repo": "nixpkgs",
        "type": "github"
      }
    },
    "norg": {
      "inputs": {
        "flake-compat": "flake-compat_4",
        "flake-utils": "flake-utils_8",
        "nixpkgs": "nixpkgs_4"
      },
      "locked": {
        "lastModified": 1672582520,
        "narHash": "sha256-kv3UiJUqMSF1qd3r4OCWomVTHTYjwX/EBRWm8mOSdwg=",
        "owner": "nvim-neorg",
        "repo": "tree-sitter-norg",
        "rev": "d7a466e182a532065a559dbfc7a847271d5e9c29",
        "type": "github"
      },
      "original": {
        "owner": "nvim-neorg",
        "ref": "dev",
        "repo": "tree-sitter-norg",
        "type": "github"
      }
    },
    "norg-meta": {
      "inputs": {
        "flake-compat": "flake-compat_5",
        "flake-utils": "flake-utils_9",
        "nixpkgs": "nixpkgs_5"
      },
      "locked": {
        "lastModified": 1713028366,
        "narHash": "sha256-8qSdwHlfnjFuQF4zNdLtU2/tzDRhDZbo9K54Xxgn5+8=",
        "owner": "nvim-neorg",
        "repo": "tree-sitter-norg-meta",
        "rev": "6f0510cc516a3af3396a682fbd6655486c2c9d2d",
        "type": "github"
      },
      "original": {
        "owner": "nvim-neorg",
        "repo": "tree-sitter-norg-meta",
        "type": "github"
      }
    },
    "org-bullets": {
      "flake": false,
      "locked": {
        "lastModified": 1708554267,
        "narHash": "sha256-aIEe1dgUmDzu9kl33JCNcgyfp8DymURltH0HcZfph0Y=",
        "owner": "nvim-orgmode",
        "repo": "org-bullets.nvim",
        "rev": "3623e86e0fa6d07f45042f7207fc333c014bf167",
        "type": "github"
      },
      "original": {
        "owner": "nvim-orgmode",
        "repo": "org-bullets.nvim",
        "type": "github"
      }
    },
    "poetry2nix": {
      "inputs": {
        "flake-utils": "flake-utils",
        "nix-github-actions": "nix-github-actions",
        "nixpkgs": [
          "devenv",
          "cachix",
          "devenv",
          "nixpkgs"
        ]
      },
      "locked": {
        "lastModified": 1692876271,
        "narHash": "sha256-IXfZEkI0Mal5y1jr6IRWMqK8GW2/f28xJenZIPQqkY0=",
        "owner": "nix-community",
        "repo": "poetry2nix",
        "rev": "d5006be9c2c2417dafb2e2e5034d83fabd207ee3",
        "type": "github"
      },
      "original": {
        "owner": "nix-community",
        "repo": "poetry2nix",
        "type": "github"
      }
    },
    "poetry2nix_2": {
      "inputs": {
        "flake-utils": "flake-utils_3",
        "nix-github-actions": "nix-github-actions_2",
        "nixpkgs": [
          "dg-nix",
          "nixpkgs"
        ],
        "systems": "systems_5",
        "treefmt-nix": "treefmt-nix"
      },
      "locked": {
        "lastModified": 1717774136,
        "narHash": "sha256-comOhXDFUrbVba47gPenVBKy2foM3m3qOqpcP8umWDA=",
        "owner": "nix-community",
        "repo": "poetry2nix",
        "rev": "370da3b6fefc6c11367463b68d010f9950aaa80c",
        "type": "github"
      },
      "original": {
        "owner": "nix-community",
        "repo": "poetry2nix",
        "type": "github"
      }
    },
    "pre-commit-hooks": {
      "inputs": {
        "flake-compat": [
          "devenv",
          "flake-compat"
        ],
        "flake-utils": "flake-utils_2",
        "gitignore": "gitignore",
        "nixpkgs": [
          "devenv",
          "nixpkgs"
        ],
        "nixpkgs-stable": "nixpkgs-stable"
      },
      "locked": {
        "lastModified": 1713775815,
        "narHash": "sha256-Wu9cdYTnGQQwtT20QQMg7jzkANKQjwBD9iccfGKkfls=",
        "owner": "cachix",
        "repo": "pre-commit-hooks.nix",
        "rev": "2ac4dcbf55ed43f3be0bae15e181f08a57af24a4",
        "type": "github"
      },
      "original": {
        "owner": "cachix",
        "repo": "pre-commit-hooks.nix",
        "type": "github"
      }
    },
    "root": {
      "inputs": {
        "agenix": "agenix",
        "darwin": "darwin_2",
        "devenv": "devenv",
        "dg-nix": "dg-nix",
        "emacs-overlay": "emacs-overlay",
        "epkgs-overlay": "epkgs-overlay",
        "flake-utils": "flake-utils_6",
        "home-manager": "home-manager_2",
        "neorg-overlay": "neorg-overlay",
        "nix-colorscheme": "nix-colorscheme",
        "nix-vscode-extensions": "nix-vscode-extensions",
        "nixpkgs": "nixpkgs_8",
        "nixpkgs-darwin-stable": "nixpkgs-darwin-stable",
        "nixpkgs-nixos": "nixpkgs-nixos",
        "nixpkgs-nixos-stable": "nixpkgs-nixos-stable",
        "treefmt-nix": "treefmt-nix_2",
        "vimplugins-overlay": "vimplugins-overlay"
      }
    },
    "startup": {
      "flake": false,
      "locked": {
        "lastModified": 1703063184,
        "narHash": "sha256-dAntcJb38zm5kG6r7Lou1PQp/+xhn2CIJj+NRbPb5G4=",
        "owner": "startup-nvim",
        "repo": "startup.nvim",
        "rev": "c6ba324f9eba0c23b675b53af431346aab893268",
        "type": "github"
      },
      "original": {
        "owner": "startup-nvim",
        "repo": "startup.nvim",
        "type": "github"
      }
    },
    "systems": {
      "locked": {
        "lastModified": 1681028828,
        "narHash": "sha256-Vy1rq5AaRuLzOxct8nz4T6wlgyUR7zLU309k9mBC768=",
        "owner": "nix-systems",
        "repo": "default",
        "rev": "da67096a3b9bf56a91d16901293e51ba5b49a27e",
        "type": "github"
      },
      "original": {
        "owner": "nix-systems",
        "repo": "default",
        "type": "github"
      }
    },
    "systems_10": {
      "locked": {
        "lastModified": 1681028828,
        "narHash": "sha256-Vy1rq5AaRuLzOxct8nz4T6wlgyUR7zLU309k9mBC768=",
        "owner": "nix-systems",
        "repo": "default",
        "rev": "da67096a3b9bf56a91d16901293e51ba5b49a27e",
        "type": "github"
      },
      "original": {
        "owner": "nix-systems",
        "repo": "default",
        "type": "github"
      }
    },
    "systems_11": {
      "locked": {
        "lastModified": 1681028828,
        "narHash": "sha256-Vy1rq5AaRuLzOxct8nz4T6wlgyUR7zLU309k9mBC768=",
        "owner": "nix-systems",
        "repo": "default",
        "rev": "da67096a3b9bf56a91d16901293e51ba5b49a27e",
        "type": "github"
      },
      "original": {
        "owner": "nix-systems",
        "repo": "default",
        "type": "github"
      }
    },
    "systems_2": {
      "locked": {
        "lastModified": 1681028828,
        "narHash": "sha256-Vy1rq5AaRuLzOxct8nz4T6wlgyUR7zLU309k9mBC768=",
        "owner": "nix-systems",
        "repo": "default",
        "rev": "da67096a3b9bf56a91d16901293e51ba5b49a27e",
        "type": "github"
      },
      "original": {
        "owner": "nix-systems",
        "repo": "default",
        "type": "github"
      }
    },
    "systems_3": {
      "locked": {
        "lastModified": 1681028828,
        "narHash": "sha256-Vy1rq5AaRuLzOxct8nz4T6wlgyUR7zLU309k9mBC768=",
        "owner": "nix-systems",
        "repo": "default",
        "rev": "da67096a3b9bf56a91d16901293e51ba5b49a27e",
        "type": "github"
      },
      "original": {
        "owner": "nix-systems",
        "repo": "default",
        "type": "github"
      }
    },
    "systems_4": {
      "locked": {
        "lastModified": 1681028828,
        "narHash": "sha256-Vy1rq5AaRuLzOxct8nz4T6wlgyUR7zLU309k9mBC768=",
        "owner": "nix-systems",
        "repo": "default",
        "rev": "da67096a3b9bf56a91d16901293e51ba5b49a27e",
        "type": "github"
      },
      "original": {
        "owner": "nix-systems",
        "repo": "default",
        "type": "github"
      }
    },
    "systems_5": {
      "locked": {
        "lastModified": 1681028828,
        "narHash": "sha256-Vy1rq5AaRuLzOxct8nz4T6wlgyUR7zLU309k9mBC768=",
        "owner": "nix-systems",
        "repo": "default",
        "rev": "da67096a3b9bf56a91d16901293e51ba5b49a27e",
        "type": "github"
      },
      "original": {
        "id": "systems",
        "type": "indirect"
      }
    },
    "systems_6": {
      "locked": {
        "lastModified": 1681028828,
        "narHash": "sha256-Vy1rq5AaRuLzOxct8nz4T6wlgyUR7zLU309k9mBC768=",
        "owner": "nix-systems",
        "repo": "default",
        "rev": "da67096a3b9bf56a91d16901293e51ba5b49a27e",
        "type": "github"
      },
      "original": {
        "owner": "nix-systems",
        "repo": "default",
        "type": "github"
      }
    },
    "systems_7": {
      "locked": {
        "lastModified": 1681028828,
        "narHash": "sha256-Vy1rq5AaRuLzOxct8nz4T6wlgyUR7zLU309k9mBC768=",
        "owner": "nix-systems",
        "repo": "default",
        "rev": "da67096a3b9bf56a91d16901293e51ba5b49a27e",
        "type": "github"
      },
      "original": {
        "owner": "nix-systems",
        "repo": "default",
        "type": "github"
      }
    },
    "systems_8": {
      "locked": {
        "lastModified": 1681028828,
        "narHash": "sha256-Vy1rq5AaRuLzOxct8nz4T6wlgyUR7zLU309k9mBC768=",
        "owner": "nix-systems",
        "repo": "default",
        "rev": "da67096a3b9bf56a91d16901293e51ba5b49a27e",
        "type": "github"
      },
      "original": {
        "owner": "nix-systems",
        "repo": "default",
        "type": "github"
      }
    },
    "systems_9": {
      "locked": {
        "lastModified": 1681028828,
        "narHash": "sha256-Vy1rq5AaRuLzOxct8nz4T6wlgyUR7zLU309k9mBC768=",
        "owner": "nix-systems",
        "repo": "default",
        "rev": "da67096a3b9bf56a91d16901293e51ba5b49a27e",
        "type": "github"
      },
      "original": {
        "owner": "nix-systems",
        "repo": "default",
        "type": "github"
      }
    },
    "tokyonight": {
      "flake": false,
      "locked": {
        "lastModified": 1717769291,
        "narHash": "sha256-f17zYAJoDJRz2WpOraGYjJFn/7yDYcPL11sKdKR1a/s=",
        "owner": "folke",
        "repo": "tokyonight.nvim",
        "rev": "02e9028fe3560f38363c2d38f1c87e45eb04fdb3",
        "type": "github"
      },
      "original": {
        "owner": "folke",
        "repo": "tokyonight.nvim",
        "type": "github"
      }
    },
    "treefmt-nix": {
      "inputs": {
        "nixpkgs": [
          "dg-nix",
          "poetry2nix",
          "nixpkgs"
        ]
      },
      "locked": {
        "lastModified": 1717278143,
        "narHash": "sha256-u10aDdYrpiGOLoxzY/mJ9llST9yO8Q7K/UlROoNxzDw=",
        "owner": "numtide",
        "repo": "treefmt-nix",
        "rev": "3eb96ca1ae9edf792a8e0963cc92fddfa5a87706",
        "type": "github"
      },
      "original": {
        "owner": "numtide",
        "repo": "treefmt-nix",
        "type": "github"
      }
    },
    "treefmt-nix_2": {
      "inputs": {
        "nixpkgs": "nixpkgs_9"
      },
      "locked": {
        "lastModified": 1717850719,
        "narHash": "sha256-npYqVg+Wk4oxnWrnVG7416fpfrlRhp/lQ6wQ4DHI8YE=",
        "owner": "numtide",
        "repo": "treefmt-nix",
        "rev": "4fc1c45a5f50169f9f29f6a98a438fb910b834ed",
        "type": "github"
      },
      "original": {
        "owner": "numtide",
        "repo": "treefmt-nix",
        "type": "github"
      }
    },
    "vimplugins-overlay": {
      "inputs": {
        "flake-compat": "flake-compat_7",
        "flake-utils": "flake-utils_11",
        "lsp-progress": "lsp-progress",
        "nixpkgs": "nixpkgs_10",
        "org-bullets": "org-bullets",
        "startup": "startup"
      },
      "locked": {
        "lastModified": 1716315421,
        "narHash": "sha256-f1ze5WmYAG9NOzUw7E6b40Oi2b+uicFxOWAA7EMHRnU=",
        "owner": "thomaslaich",
        "repo": "vimplugins-overlay",
        "rev": "9f431a3e494ddf2ddc851d17321a2a7d42b0c0cb",
        "type": "github"
      },
      "original": {
        "owner": "thomaslaich",
        "repo": "vimplugins-overlay",
        "type": "github"
      }
    }
  },
  "root": "root",
  "version": 7
}
